
Microsoft Visual Studio Solution File, Format Version 12.00
# Visual Studio Version 17
VisualStudioVersion = 17.11.35312.102
MinimumVisualStudioVersion = 10.0.40219.1
Project("{9A19103F-16F7-4668-BE54-9A1E7A4F7556}") = "BlogLab", "BlogLab\BlogLab.csproj", "{456C3B94-4CEA-4781-8C15-ADAC19FD5E0A}"
EndProject
Project("{FAE04EC0-301F-11D3-BF4B-00C04F79EFBC}") = "BlogLab.Models", "BlogLab.Models\BlogLab.Models.csproj", "{95FB0C05-1AF1-4BA8-BFD3-4FB7A98242D4}"
EndProject
Project("{FAE04EC0-301F-11D3-BF4B-00C04F79EFBC}") = "BlogLab.Repository", "BlogLab.Repository\BlogLab.Repository.csproj", "{0CEA64D1-3F8E-4A78-928C-320F2804FBC9}"
EndProject
Project("{FAE04EC0-301F-11D3-BF4B-00C04F79EFBC}") = "BlogLab.Identity", "BlogLab.Identity\BlogLab.Identity.csproj", "{968ABE58-F3B8-4754-8A55-EA6EBE10D1A9}"
EndProject
Project("{FAE04EC0-301F-11D3-BF4B-00C04F79EFBC}") = "BlogLab.Services", "BlogLab.Services\BlogLab.Services.csproj", "{2D0C7F06-C577-4283-9504-BFA10EAEBB3F}"
EndProject
Global
	GlobalSection(SolutionConfigurationPlatforms) = preSolution
		Debug|Any CPU = Debug|Any CPU
		Release|Any CPU = Release|Any CPU
	EndGlobalSection
	GlobalSection(ProjectConfigurationPlatforms) = postSolution
		{456C3B94-4CEA-4781-8C15-ADAC19FD5E0A}.Debug|Any CPU.ActiveCfg = Debug|Any CPU
		{456C3B94-4CEA-4781-8C15-ADAC19FD5E0A}.Debug|Any CPU.Build.0 = Debug|Any CPU
		{456C3B94-4CEA-4781-8C15-ADAC19FD5E0A}.Release|Any CPU.ActiveCfg = Release|Any CPU
		{456C3B94-4CEA-4781-8C15-ADAC19FD5E0A}.Release|Any CPU.Build.0 = Release|Any CPU
		{95FB0C05-1AF1-4BA8-BFD3-4FB7A98242D4}.Debug|Any CPU.ActiveCfg = Debug|Any CPU
		{95FB0C05-1AF1-4BA8-BFD3-4FB7A98242D4}.Debug|Any CPU.Build.0 = Debug|Any CPU
		{95FB0C05-1AF1-4BA8-BFD3-4FB7A98242D4}.Release|Any CPU.ActiveCfg = Release|Any CPU
		{95FB0C05-1AF1-4BA8-BFD3-4FB7A98242D4}.Release|Any CPU.Build.0 = Release|Any CPU
		{0CEA64D1-3F8E-4A78-928C-320F2804FBC9}.Debug|Any CPU.ActiveCfg = Debug|Any CPU
		{0CEA64D1-3F8E-4A78-928C-320F2804FBC9}.Debug|Any CPU.Build.0 = Debug|Any CPU
		{0CEA64D1-3F8E-4A78-928C-320F2804FBC9}.Release|Any CPU.ActiveCfg = Release|Any CPU
		{0CEA64D1-3F8E-4A78-928C-320F2804FBC9}.Release|Any CPU.Build.0 = Release|Any CPU
		{968ABE58-F3B8-4754-8A55-EA6EBE10D1A9}.Debug|Any CPU.ActiveCfg = Debug|Any CPU
		{968ABE58-F3B8-4754-8A55-EA6EBE10D1A9}.Debug|Any CPU.Build.0 = Debug|Any CPU
		{968ABE58-F3B8-4754-8A55-EA6EBE10D1A9}.Release|Any CPU.ActiveCfg = Release|Any CPU
		{968ABE58-F3B8-4754-8A55-EA6EBE10D1A9}.Release|Any CPU.Build.0 = Release|Any CPU
		{2D0C7F06-C577-4283-9504-BFA10EAEBB3F}.Debug|Any CPU.ActiveCfg = Debug|Any CPU
		{2D0C7F06-C577-4283-9504-BFA10EAEBB3F}.Debug|Any CPU.Build.0 = Debug|Any CPU
		{2D0C7F06-C577-4283-9504-BFA10EAEBB3F}.Release|Any CPU.ActiveCfg = Release|Any CPU
		{2D0C7F06-C577-4283-9504-BFA10EAEBB3F}.Release|Any CPU.Build.0 = Release|Any CPU
	EndGlobalSection
	GlobalSection(SolutionProperties) = preSolution
		HideSolutionNode = FALSE
	EndGlobalSection
	GlobalSection(ExtensibilityGlobals) = postSolution
		SolutionGuid = {652DFC33-52DB-4828-93F0-C4FAF9E683B7}
	EndGlobalSection
EndGlobal
